Microsoft Visual Studio Solution File, Format Version 12.00
# Visual Studio Version 17
VisualStudioVersion = 17.5.2.0
MinimumVisualStudioVersion = 10.0.40219.1
Project("{2150E333-8FDC-42A3-9474-1A3956D46DE8}") = "Source", "Source", "{B8EFCA5F-814F-285C-A8CB-F00F14650265}"
EndProject
Project("{FAE04EC0-301F-11D3-BF4B-00C04F79EFBC}") = "RimWorldLinuxMisc", "Source\RimWorldLinuxMisc.csproj", "{5F0A4A26-92CA-8B11-6444-FDB04B1DEDF2}"
EndProject
Global
	GlobalSection(SolutionConfigurationPlatforms) = preSolution
		Debug|Any CPU = Debug|Any CPU
		Release|Any CPU = Release|Any CPU
	EndGlobalSection
	GlobalSection(ProjectConfigurationPlatforms) = postSolution
		{5F0A4A26-92CA-8B11-6444-FDB04B1DEDF2}.Debug|Any CPU.ActiveCfg = Debug|Any CPU
		{5F0A4A26-92CA-8B11-6444-FDB04B1DEDF2}.Debug|Any CPU.Build.0 = Debug|Any CPU
		{5F0A4A26-92CA-8B11-6444-FDB04B1DEDF2}.Release|Any CPU.ActiveCfg = Release|Any CPU
		{5F0A4A26-92CA-8B11-6444-FDB04B1DEDF2}.Release|Any CPU.Build.0 = Release|Any CPU
	EndGlobalSection
	GlobalSection(SolutionProperties) = preSolution
		HideSolutionNode = FALSE
	EndGlobalSection
	GlobalSection(NestedProjects) = preSolution
		{5F0A4A26-92CA-8B11-6444-FDB04B1DEDF2} = {B8EFCA5F-814F-285C-A8CB-F00F14650265}
	EndGlobalSection
	GlobalSection(ExtensibilityGlobals) = postSolution
		SolutionGuid = {4F105502-7146-45CE-B61A-A9A83E465EBB}
	EndGlobalSection
EndGlobal
